
Microsoft Visual Studio Solution File, Format Version 12.00
# Visual Studio 15
VisualStudioVersion = 15.0.27428.2043
MinimumVisualStudioVersion = 10.0.40219.1
Project("{FAE04EC0-301F-11D3-BF4B-00C04F79EFBC}") = "StokKontrolApp", "StokKontrolApp\StokKontrolApp.csproj", "{F9B893E5-DDEB-4CDA-BC2D-BF137EE06A24}"
EndProject
Project("{FAE04EC0-301F-11D3-BF4B-00C04F79EFBC}") = "UrunKontrolWebApi.Business", "UrunKontrolWebApi.Business\UrunKontrolWebApi.Business.csproj", "{C6F8D701-AC82-4F3A-8271-B412D1CB0D84}"
EndProject
Project("{FAE04EC0-301F-11D3-BF4B-00C04F79EFBC}") = "UrunKontrolWebApi.DataAccess", "UrunKontrolWebApi.DataAccess\UrunKontrolWebApi.DataAccess.csproj", "{EB619FD9-D3A9-4075-AFA0-20E0BFA06DC8}"
EndProject
Project("{FAE04EC0-301F-11D3-BF4B-00C04F79EFBC}") = "UrunKontrolWebApi.Entities", "UrunKontrolWebApi.Entities\UrunKontrolWebApi.Entities.csproj", "{56D4DF75-5E4E-4107-BAB9-0D14E6BAC575}"
EndProject
Project("{FAE04EC0-301F-11D3-BF4B-00C04F79EFBC}") = "UrunKontrolWebApi", "UrunKontrolWebApi\UrunKontrolWebApi.csproj", "{B675C153-1350-4799-A8D8-EE18D71EB205}"
EndProject
Global
	GlobalSection(SolutionConfigurationPlatforms) = preSolution
		Debug|Any CPU = Debug|Any CPU
		Release|Any CPU = Release|Any CPU
	EndGlobalSection
	GlobalSection(ProjectConfigurationPlatforms) = postSolution
		{F9B893E5-DDEB-4CDA-BC2D-BF137EE06A24}.Debug|Any CPU.ActiveCfg = Debug|Any CPU
		{F9B893E5-DDEB-4CDA-BC2D-BF137EE06A24}.Debug|Any CPU.Build.0 = Debug|Any CPU
		{F9B893E5-DDEB-4CDA-BC2D-BF137EE06A24}.Release|Any CPU.ActiveCfg = Release|Any CPU
		{F9B893E5-DDEB-4CDA-BC2D-BF137EE06A24}.Release|Any CPU.Build.0 = Release|Any CPU
		{C6F8D701-AC82-4F3A-8271-B412D1CB0D84}.Debug|Any CPU.ActiveCfg = Debug|Any CPU
		{C6F8D701-AC82-4F3A-8271-B412D1CB0D84}.Debug|Any CPU.Build.0 = Debug|Any CPU
		{C6F8D701-AC82-4F3A-8271-B412D1CB0D84}.Release|Any CPU.ActiveCfg = Release|Any CPU
		{C6F8D701-AC82-4F3A-8271-B412D1CB0D84}.Release|Any CPU.Build.0 = Release|Any CPU
		{EB619FD9-D3A9-4075-AFA0-20E0BFA06DC8}.Debug|Any CPU.ActiveCfg = Debug|Any CPU
		{EB619FD9-D3A9-4075-AFA0-20E0BFA06DC8}.Debug|Any CPU.Build.0 = Debug|Any CPU
		{EB619FD9-D3A9-4075-AFA0-20E0BFA06DC8}.Release|Any CPU.ActiveCfg = Release|Any CPU
		{EB619FD9-D3A9-4075-AFA0-20E0BFA06DC8}.Release|Any CPU.Build.0 = Release|Any CPU
		{56D4DF75-5E4E-4107-BAB9-0D14E6BAC575}.Debug|Any CPU.ActiveCfg = Debug|Any CPU
		{56D4DF75-5E4E-4107-BAB9-0D14E6BAC575}.Debug|Any CPU.Build.0 = Debug|Any CPU
		{56D4DF75-5E4E-4107-BAB9-0D14E6BAC575}.Release|Any CPU.ActiveCfg = Release|Any CPU
		{56D4DF75-5E4E-4107-BAB9-0D14E6BAC575}.Release|Any CPU.Build.0 = Release|Any CPU
		{B675C153-1350-4799-A8D8-EE18D71EB205}.Debug|Any CPU.ActiveCfg = Debug|Any CPU
		{B675C153-1350-4799-A8D8-EE18D71EB205}.Debug|Any CPU.Build.0 = Debug|Any CPU
		{B675C153-1350-4799-A8D8-EE18D71EB205}.Release|Any CPU.ActiveCfg = Release|Any CPU
		{B675C153-1350-4799-A8D8-EE18D71EB205}.Release|Any CPU.Build.0 = Release|Any CPU
	EndGlobalSection
	GlobalSection(SolutionProperties) = preSolution
		HideSolutionNode = FALSE
	EndGlobalSection
	GlobalSection(ExtensibilityGlobals) = postSolution
		SolutionGuid = {710FEBC0-6087-4DA2-881B-67046B8E9D2B}
	EndGlobalSection
EndGlobal
